
Microsoft Visual Studio Solution File, Format Version 12.00
# Visual Studio 15
Project("{FAE04EC0-301F-11D3-BF4B-00C04F79EFBC}") = "TemplateSpartaneApp.iOS", "TemplateSpartaneApp.iOS.csproj", "{019A7346-7985-4653-A1CA-3432131BC150}"
EndProject
Global
	GlobalSection(SolutionConfigurationPlatforms) = preSolution
		Debug|iPhoneSimulator = Debug|iPhoneSimulator
		Release|iPhoneSimulator = Release|iPhoneSimulator
		Debug|iPhone = Debug|iPhone
		Release|iPhone = Release|iPhone
		Ad-Hoc|iPhone = Ad-Hoc|iPhone
		AppStore|iPhone = AppStore|iPhone
	EndGlobalSection
	GlobalSection(ProjectConfigurationPlatforms) = postSolution
		{019A7346-7985-4653-A1CA-3432131BC150}.Debug|iPhoneSimulator.ActiveCfg = Debug|iPhoneSimulator
		{019A7346-7985-4653-A1CA-3432131BC150}.Debug|iPhoneSimulator.Build.0 = Debug|iPhoneSimulator
		{019A7346-7985-4653-A1CA-3432131BC150}.Release|iPhoneSimulator.ActiveCfg = Release|iPhoneSimulator
		{019A7346-7985-4653-A1CA-3432131BC150}.Release|iPhoneSimulator.Build.0 = Release|iPhoneSimulator
		{019A7346-7985-4653-A1CA-3432131BC150}.Debug|iPhone.ActiveCfg = Debug|iPhone
		{019A7346-7985-4653-A1CA-3432131BC150}.Debug|iPhone.Build.0 = Debug|iPhone
		{019A7346-7985-4653-A1CA-3432131BC150}.Release|iPhone.ActiveCfg = Release|iPhone
		{019A7346-7985-4653-A1CA-3432131BC150}.Release|iPhone.Build.0 = Release|iPhone
		{019A7346-7985-4653-A1CA-3432131BC150}.Ad-Hoc|iPhone.ActiveCfg = Ad-Hoc|iPhone
		{019A7346-7985-4653-A1CA-3432131BC150}.Ad-Hoc|iPhone.Build.0 = Ad-Hoc|iPhone
		{019A7346-7985-4653-A1CA-3432131BC150}.AppStore|iPhone.ActiveCfg = AppStore|iPhone
		{019A7346-7985-4653-A1CA-3432131BC150}.AppStore|iPhone.Build.0 = AppStore|iPhone
	EndGlobalSection
EndGlobal
